
Microsoft Visual Studio Solution File, Format Version 12.00
# Visual Studio 15
VisualStudioVersion = 15.0.28010.2046
MinimumVisualStudioVersion = 10.0.40219.1
Project("{9092AA53-FB77-4645-B42D-1CCCA6BD08BD}") = "IncidentApp", "IncidentApp\IncidentApp.njsproj", "{C48F5237-43A0-45DE-B296-A5EB39A0643C}"
EndProject
Global
	GlobalSection(SolutionConfigurationPlatforms) = preSolution
		Debug|Any CPU = Debug|Any CPU
		Release|Any CPU = Release|Any CPU
	EndGlobalSection
	GlobalSection(ProjectConfigurationPlatforms) = postSolution
		{C48F5237-43A0-45DE-B296-A5EB39A0643C}.Debug|Any CPU.ActiveCfg = Debug|Any CPU
		{C48F5237-43A0-45DE-B296-A5EB39A0643C}.Debug|Any CPU.Build.0 = Debug|Any CPU
		{C48F5237-43A0-45DE-B296-A5EB39A0643C}.Release|Any CPU.ActiveCfg = Release|Any CPU
		{C48F5237-43A0-45DE-B296-A5EB39A0643C}.Release|Any CPU.Build.0 = Release|Any CPU
	EndGlobalSection
	GlobalSection(SolutionProperties) = preSolution
		HideSolutionNode = FALSE
	EndGlobalSection
	GlobalSection(ExtensibilityGlobals) = postSolution
		SolutionGuid = {3AE8A43F-C360-4CC5-BAF7-E5B298E26B03}
	EndGlobalSection
EndGlobal
